// !$*UTF8*$!
{
	archiveVersion = 1;
	classes = {
	};
	objectVersion = 51;
	objects = {

/* Begin PBXBuildFile section */
		064161EF2493CB3800EF1358 /* Assets.xcassets in Resources */ = {isa = PBXBuildFile; fileRef = 064161EE2493CB3800EF1358 /* Assets.xcassets */; };
		064D33C7248F5ED3008D3BBE /* AppDelegate.swift in Sources */ = {isa = PBXBuildFile; fileRef = 064D33C6248F5ED3008D3BBE /* AppDelegate.swift */; };
		064D33C9248F5ED3008D3BBE /* SceneDelegate.swift in Sources */ = {isa = PBXBuildFile; fileRef = 064D33C8248F5ED3008D3BBE /* SceneDelegate.swift */; };
		064D33CB248F5ED3008D3BBE /* FirstViewController.swift in Sources */ = {isa = PBXBuildFile; fileRef = 064D33CA248F5ED3008D3BBE /* FirstViewController.swift */; };
		064D33CD248F5ED3008D3BBE /* SecondViewController.swift in Sources */ = {isa = PBXBuildFile; fileRef = 064D33CC248F5ED3008D3BBE /* SecondViewController.swift */; };
		064D33D0248F5ED3008D3BBE /* Main.storyboard in Resources */ = {isa = PBXBuildFile; fileRef = 064D33CE248F5ED3008D3BBE /* Main.storyboard */; };
		064D33D5248F5ED6008D3BBE /* LaunchScreen.storyboard in Resources */ = {isa = PBXBuildFile; fileRef = 064D33D3248F5ED6008D3BBE /* LaunchScreen.storyboard */; };
		064D33DE248F6090008D3BBE /* CoreMotion.framework in Frameworks */ = {isa = PBXBuildFile; fileRef = 064D33DD248F6090008D3BBE /* CoreMotion.framework */; };
		064D33E0248F60A5008D3BBE /* MessageUI.framework in Frameworks */ = {isa = PBXBuildFile; fileRef = 064D33DF248F60A5008D3BBE /* MessageUI.framework */; };
		064D33E2248F6ECC008D3BBE /* CoreLocation.framework in Frameworks */ = {isa = PBXBuildFile; fileRef = 064D33E1248F6ECC008D3BBE /* CoreLocation.framework */; };
/* End PBXBuildFile section */

/* Begin PBXFileReference section */
		064161EE2493CB3800EF1358 /* Assets.xcassets */ = {isa = PBXFileReference; lastKnownFileType = folder.assetcatalog; path = Assets.xcassets; sourceTree = "<group>"; };
		064D33C3248F5ED3008D3BBE /* Pedometer.app */ = {isa = PBXFileReference; explicitFileType = wrapper.application; includeInIndex = 0; path = Pedometer.app; sourceTree = BUILT_PRODUCTS_DIR; };
		064D33C6248F5ED3008D3BBE /* AppDelegate.swift */ = {isa = PBXFileReference; lastKnownFileType = sourcecode.swift; path = AppDelegate.swift; sourceTree = "<group>"; };
		064D33C8248F5ED3008D3BBE /* SceneDelegate.swift */ = {isa = PBXFileReference; lastKnownFileType = sourcecode.swift; path = SceneDelegate.swift; sourceTree = "<group>"; };
		064D33CA248F5ED3008D3BBE /* FirstViewController.swift */ = {isa = PBXFileReference; lastKnownFileType = sourcecode.swift; path = FirstViewController.swift; sourceTree = "<group>"; };
		064D33CC248F5ED3008D3BBE /* SecondViewController.swift */ = {isa = PBXFileReference; lastKnownFileType = sourcecode.swift; path = SecondViewController.swift; sourceTree = "<group>"; };
		064D33CF248F5ED3008D3BBE /* Base */ = {isa = PBXFileReference; lastKnownFileType = file.storyboard; name = Base; path = Base.lproj/Main.storyboard; sourceTree = "<group>"; };
		064D33D4248F5ED6008D3BBE /* Base */ = {isa = PBXFileReference; lastKnownFileType = file.storyboard; name = Base; path = Base.lproj/LaunchScreen.storyboard; sourceTree = "<group>"; };
		064D33D6248F5ED6008D3BBE /* Info.plist */ = {isa = PBXFileReference; lastKnownFileType = text.plist.xml; path = Info.plist; sourceTree = "<group>"; };
		064D33DD248F6090008D3BBE /* CoreMotion.framework */ = {isa = PBXFileReference; lastKnownFileType = wrapper.framework; name = CoreMotion.framework; path = System/Library/Frameworks/CoreMotion.framework; sourceTree = SDKROOT; };
		064D33DF248F60A5008D3BBE /* MessageUI.framework */ = {isa = PBXFileReference; lastKnownFileType = wrapper.framework; name = MessageUI.framework; path = System/Library/Frameworks/MessageUI.framework; sourceTree = SDKROOT; };
		064D33E1248F6ECC008D3BBE /* CoreLocation.framework */ = {isa = PBXFileReference; lastKnownFileType = wrapper.framework; name = CoreLocation.framework; path = System/Library/Frameworks/CoreLocation.framework; sourceTree = SDKROOT; };
		72DB5D64D723878279342F95 /* Pods-Pedometer.release.xcconfig */ = {isa = PBXFileReference; includeInIndex = 1; lastKnownFileType = text.xcconfig; name = "Pods-Pedometer.release.xcconfig"; path = "Target Support Files/Pods-Pedometer/Pods-Pedometer.release.xcconfig"; sourceTree = "<group>"; };
		76DA6616D1F9251EB910A672 /* Pods-Pedometer.debug.xcconfig */ = {isa = PBXFileReference; includeInIndex = 1; lastKnownFileType = text.xcconfig; name = "Pods-Pedometer.debug.xcconfig"; path = "Target Support Files/Pods-Pedometer/Pods-Pedometer.debug.xcconfig"; sourceTree = "<group>"; };
/* End PBXFileReference section */

/* Begin PBXFrameworksBuildPhase section */
		064D33C0248F5ED3008D3BBE /* Frameworks */ = {
			isa = PBXFrameworksBuildPhase;
			buildActionMask = 2147483647;
			files = (
				064D33E2248F6ECC008D3BBE /* CoreLocation.framework in Frameworks */,
				064D33E0248F60A5008D3BBE /* MessageUI.framework in Frameworks */,
				064D33DE248F6090008D3BBE /* CoreMotion.framework in Frameworks */,
			);
			runOnlyForDeploymentPostprocessing = 0;
		};
/* End PBXFrameworksBuildPhase section */

/* Begin PBXGroup section */
		064D33BA248F5ED3008D3BBE = {
			isa = PBXGroup;
			children = (
				064D33C5248F5ED3008D3BBE /* Pedometer */,
				064D33C4248F5ED3008D3BBE /* Products */,
				064D33DC248F6090008D3BBE /* Frameworks */,
				E053F417C5915E0BCDFDBDAA /* Pods */,
			);
			sourceTree = "<group>";
		};
		064D33C4248F5ED3008D3BBE /* Products */ = {
			isa = PBXGroup;
			children = (
				064D33C3248F5ED3008D3BBE /* Pedometer.app */,
			);
			name = Products;
			sourceTree = "<group>";
		};
		064D33C5248F5ED3008D3BBE /* Pedometer */ = {
			isa = PBXGroup;
			children = (
				064D33C6248F5ED3008D3BBE /* AppDelegate.swift */,
				064D33C8248F5ED3008D3BBE /* SceneDelegate.swift */,
				064D33CA248F5ED3008D3BBE /* FirstViewController.swift */,
				064D33CC248F5ED3008D3BBE /* SecondViewController.swift */,
				064D33CE248F5ED3008D3BBE /* Main.storyboard */,
				064161EE2493CB3800EF1358 /* Assets.xcassets */,
				064D33D3248F5ED6008D3BBE /* LaunchScreen.storyboard */,
				064D33D6248F5ED6008D3BBE /* Info.plist */,
			);
			path = Pedometer;
			sourceTree = "<group>";
		};
		064D33DC248F6090008D3BBE /* Frameworks */ = {
			isa = PBXGroup;
			children = (
				064D33E1248F6ECC008D3BBE /* CoreLocation.framework */,
				064D33DF248F60A5008D3BBE /* MessageUI.framework */,
				064D33DD248F6090008D3BBE /* CoreMotion.framework */,
			);
			name = Frameworks;
			sourceTree = "<group>";
		};
		E053F417C5915E0BCDFDBDAA /* Pods */ = {
			isa = PBXGroup;
			children = (
				76DA6616D1F9251EB910A672 /* Pods-Pedometer.debug.xcconfig */,
				72DB5D64D723878279342F95 /* Pods-Pedometer.release.xcconfig */,
			);
			path = Pods;
			sourceTree = "<group>";
		};
/* End PBXGroup section */

/* Begin PBXNativeTarget section */
		064D33C2248F5ED3008D3BBE /* Pedometer */ = {
			isa = PBXNativeTarget;
			buildConfigurationList = 064D33D9248F5ED6008D3BBE /* Build configuration list for PBXNativeTarget "Pedometer" */;
			buildPhases = (
				BE32C4248C71421D0776F9AF /* [CP] Check Pods Manifest.lock */,
				064D33BF248F5ED3008D3BBE /* Sources */,
				064D33C0248F5ED3008D3BBE /* Frameworks */,
				064D33C1248F5ED3008D3BBE /* Resources */,
				D9801C514C756B1189FE21F6 /* [CP] Copy Pods Resources */,
			);
			buildRules = (
			);
			dependencies = (
			);
			name = Pedometer;
			productName = Pedometer;
			productReference = 064D33C3248F5ED3008D3BBE /* Pedometer.app */;
			productType = "com.apple.product-type.application";
		};
/* End PBXNativeTarget section */

/* Begin PBXProject section */
		064D33BB248F5ED3008D3BBE /* Project object */ = {
			isa = PBXProject;
			attributes = {
				LastSwiftUpdateCheck = 1150;
				LastUpgradeCheck = 1150;
				ORGANIZATIONNAME = ALJ;
				TargetAttributes = {
					064D33C2248F5ED3008D3BBE = {
						CreatedOnToolsVersion = 11.5;
					};
				};
			};
			buildConfigurationList = 064D33BE248F5ED3008D3BBE /* Build configuration list for PBXProject "Pedometer" */;
			compatibilityVersion = "Xcode 9.3";
			developmentRegion = en;
			hasScannedForEncodings = 0;
			knownRegions = (
				en,
				Base,
			);
			mainGroup = 064D33BA248F5ED3008D3BBE;
			productRefGroup = 064D33C4248F5ED3008D3BBE /* Products */;
			projectDirPath = "";
			projectRoot = "";
			targets = (
				064D33C2248F5ED3008D3BBE /* Pedometer */,
			);
		};
/* End PBXProject section */

/* Begin PBXResourcesBuildPhase section */
		064D33C1248F5ED3008D3BBE /* Resources */ = {
			isa = PBXResourcesBuildPhase;
			buildActionMask = 2147483647;
			files = (
				064D33D5248F5ED6008D3BBE /* LaunchScreen.storyboard in Resources */,
				064161EF2493CB3800EF1358 /* Assets.xcassets in Resources */,
				064D33D0248F5ED3008D3BBE /* Main.storyboard in Resources */,
			);
			runOnlyForDeploymentPostprocessing = 0;
		};
/* End PBXResourcesBuildPhase section */

/* Begin PBXShellScriptBuildPhase section */
		BE32C4248C71421D0776F9AF /* [CP] Check Pods Manifest.lock */ = {
			isa = PBXShellScriptBuildPhase;
			buildActionMask = 2147483647;
			files = (
			);
			inputFileListPaths = (
			);
			inputPaths = (
				"${PODS_PODFILE_DIR_PATH}/Podfile.lock",
				"${PODS_ROOT}/Manifest.lock",
			);
			name = "[CP] Check Pods Manifest.lock";
			outputFileListPaths = (
			);
			outputPaths = (
				"$(DERIVED_FILE_DIR)/Pods-Pedometer-checkManifestLockResult.txt",
			);
			runOnlyForDeploymentPostprocessing = 0;
			shellPath = /bin/sh;
			shellScript = "diff \"${PODS_PODFILE_DIR_PATH}/Podfile.lock\" \"${PODS_ROOT}/Manifest.lock\" > /dev/null\nif [ $? != 0 ] ; then\n    # print error to STDERR\n    echo \"error: The sandbox is not in sync with the Podfile.lock. Run 'pod install' or update your CocoaPods installation.\" >&2\n    exit 1\nfi\n# This output is used by Xcode 'outputs' to avoid re-running this script phase.\necho \"SUCCESS\" > \"${SCRIPT_OUTPUT_FILE_0}\"\n";
			showEnvVarsInLog = 0;
		};
		D9801C514C756B1189FE21F6 /* [CP] Copy Pods Resources */ = {
			isa = PBXShellScriptBuildPhase;
			buildActionMask = 2147483647;
			files = (
			);
			inputFileListPaths = (
				"${PODS_ROOT}/Target Support Files/Pods-Pedometer/Pods-Pedometer-resources-${CONFIGURATION}-input-files.xcfilelist",
			);
			name = "[CP] Copy Pods Resources";
			outputFileListPaths = (
				"${PODS_ROOT}/Target Support Files/Pods-Pedometer/Pods-Pedometer-resources-${CONFIGURATION}-output-files.xcfilelist",
			);
			runOnlyForDeploymentPostprocessing = 0;
			shellPath = /bin/sh;
			shellScript = "\"${PODS_ROOT}/Target Support Files/Pods-Pedometer/Pods-Pedometer-resources.sh\"\n";
			showEnvVarsInLog = 0;
		};
/* End PBXShellScriptBuildPhase section */

/* Begin PBXSourcesBuildPhase section */
		064D33BF248F5ED3008D3BBE /* Sources */ = {
			isa = PBXSourcesBuildPhase;
			buildActionMask = 2147483647;
			files = (
				064D33CD248F5ED3008D3BBE /* SecondViewController.swift in Sources */,
				064D33CB248F5ED3008D3BBE /* FirstViewController.swift in Sources */,
				064D33C7248F5ED3008D3BBE /* AppDelegate.swift in Sources */,
				064D33C9248F5ED3008D3BBE /* SceneDelegate.swift in Sources */,
			);
			runOnlyForDeploymentPostprocessing = 0;
		};
/* End PBXSourcesBuildPhase section */

/* Begin PBXVariantGroup section */
		064D33CE248F5ED3008D3BBE /* Main.storyboard */ = {
			isa = PBXVariantGroup;
			children = (
				064D33CF248F5ED3008D3BBE /* Base */,
			);
			name = Main.storyboard;
			sourceTree = "<group>";
		};
		064D33D3248F5ED6008D3BBE /* LaunchScreen.storyboard */ = {
			isa = PBXVariantGroup;
			children = (
				064D33D4248F5ED6008D3BBE /* Base */,
			);
			name = LaunchScreen.storyboard;
			sourceTree = "<group>";
		};
/* End PBXVariantGroup section */

/* Begin XCBuildConfiguration section */
		064D33D7248F5ED6008D3BBE /* Debug */ = {
			isa = XCBuildConfiguration;
			buildSettings = {
				ALWAYS_SEARCH_USER_PATHS = NO;
				CLANG_ANALYZER_NONNULL = YES;
				CLANG_ANALYZER_NUMBER_OBJECT_CONVERSION = YES_AGGRESSIVE;
				CLANG_CXX_LANGUAGE_STANDARD = "gnu++14";
				CLANG_CXX_LIBRARY = "libc++";
				CLANG_ENABLE_MODULES = YES;
				CLANG_ENABLE_OBJC_ARC = YES;
				CLANG_ENABLE_OBJC_WEAK = YES;
				CLANG_WARN_BLOCK_CAPTURE_AUTORELEASING = YES;
				CLANG_WARN_BOOL_CONVERSION = YES;
				CLANG_WARN_COMMA = YES;
				CLANG_WARN_CONSTANT_CONVERSION = YES;
				CLANG_WARN_DEPRECATED_OBJC_IMPLEMENTATIONS = YES;
				CLANG_WARN_DIRECT_OBJC_ISA_USAGE = YES_ERROR;
				CLANG_WARN_DOCUMENTATION_COMMENTS = YES;
				CLANG_WARN_EMPTY_BODY = YES;
				CLANG_WARN_ENUM_CONVERSION = YES;
				CLANG_WARN_INFINITE_RECURSION = YES;
				CLANG_WARN_INT_CONVERSION = YES;
				CLANG_WARN_NON_LITERAL_NULL_CONVERSION = YES;
				CLANG_WARN_OBJC_IMPLICIT_RETAIN_SELF = YES;
				CLANG_WARN_OBJC_LITERAL_CONVERSION = YES;
				CLANG_WARN_OBJC_ROOT_CLASS = YES_ERROR;
				CLANG_WARN_RANGE_LOOP_ANALYSIS = YES;
				CLANG_WARN_STRICT_PROTOTYPES = YES;
				CLANG_WARN_SUSPICIOUS_MOVE = YES;
				CLANG_WARN_UNGUARDED_AVAILABILITY = YES_AGGRESSIVE;
				CLANG_WARN_UNREACHABLE_CODE = YES;
				CLANG_WARN__DUPLICATE_METHOD_MATCH = YES;
				COPY_PHASE_STRIP = NO;
				DEBUG_INFORMATION_FORMAT = dwarf;
				ENABLE_STRICT_OBJC_MSGSEND = YES;
				ENABLE_TESTABILITY = YES;
				GCC_C_LANGUAGE_STANDARD = gnu11;
				GCC_DYNAMIC_NO_PIC = NO;
				GCC_NO_COMMON_BLOCKS = YES;
				GCC_OPTIMIZATION_LEVEL = 0;
				GCC_PREPROCESSOR_DEFINITIONS = (
					"DEBUG=1",
					"$(inherited)",
				);
				GCC_WARN_64_TO_32_BIT_CONVERSION = YES;
				GCC_WARN_ABOUT_RETURN_TYPE = YES_ERROR;
				GCC_WARN_UNDECLARED_SELECTOR = YES;
				GCC_WARN_UNINITIALIZED_AUTOS = YES_AGGRESSIVE;
				GCC_WARN_UNUSED_FUNCTION = YES;
				GCC_WARN_UNUSED_VARIABLE = YES;
				IPHONEOS_DEPLOYMENT_TARGET = 13.5;
				MTL_ENABLE_DEBUG_INFO = INCLUDE_SOURCE;
				MTL_FAST_MATH = YES;
				ONLY_ACTIVE_ARCH = YES;
				SDKROOT = iphoneos;
				SWIFT_ACTIVE_COMPILATION_CONDITIONS = DEBUG;
				SWIFT_OPTIMIZATION_LEVEL = "-Onone";
			};
			name = Debug;
		};
		064D33D8248F5ED6008D3BBE /* Release */ = {
			isa = XCBuildConfiguration;
			buildSettings = {
				ALWAYS_SEARCH_USER_PATHS = NO;
				CLANG_ANALYZER_NONNULL = YES;
				CLANG_ANALYZER_NUMBER_OBJECT_CONVERSION = YES_AGGRESSIVE;
				CLANG_CXX_LANGUAGE_STANDARD = "gnu++14";
				CLANG_CXX_LIBRARY = "libc++";
				CLANG_ENABLE_MODULES = YES;
				CLANG_ENABLE_OBJC_ARC = YES;
				CLANG_ENABLE_OBJC_WEAK = YES;
				CLANG_WARN_BLOCK_CAPTURE_AUTORELEASING = YES;
				CLANG_WARN_BOOL_CONVERSION = YES;
				CLANG_WARN_COMMA = YES;
				CLANG_WARN_CONSTANT_CONVERSION = YES;
				CLANG_WARN_DEPRECATED_OBJC_IMPLEMENTATIONS = YES;
				CLANG_WARN_DIRECT_OBJC_ISA_USAGE = YES_ERROR;
				CLANG_WARN_DOCUMENTATION_COMMENTS = YES;
				CLANG_WARN_EMPTY_BODY = YES;
				CLANG_WARN_ENUM_CONVERSION = YES;
				CLANG_WARN_INFINITE_RECURSION = YES;
				CLANG_WARN_INT_CONVERSION = YES;
				CLANG_WARN_NON_LITERAL_NULL_CONVERSION = YES;
				CLANG_WARN_OBJC_IMPLICIT_RETAIN_SELF = YES;
				CLANG_WARN_OBJC_LITERAL_CONVERSION = YES;
				CLANG_WARN_OBJC_ROOT_CLASS = YES_ERROR;
				CLANG_WARN_RANGE_LOOP_ANALYSIS = YES;
				CLANG_WARN_STRICT_PROTOTYPES = YES;
				CLANG_WARN_SUSPICIOUS_MOVE = YES;
				CLANG_WARN_UNGUARDED_AVAILABILITY = YES_AGGRESSIVE;
				CLANG_WARN_UNREACHABLE_CODE = YES;
				CLANG_WARN__DUPLICATE_METHOD_MATCH = YES;
				COPY_PHASE_STRIP = NO;
				DEBUG_INFORMATION_FORMAT = "dwarf-with-dsym";
				ENABLE_NS_ASSERTIONS = NO;
				ENABLE_STRICT_OBJC_MSGSEND = YES;
				GCC_C_LANGUAGE_STANDARD = gnu11;
				GCC_NO_COMMON_BLOCKS = YES;
				GCC_WARN_64_TO_32_BIT_CONVERSION = YES;
				GCC_WARN_ABOUT_RETURN_TYPE = YES_ERROR;
				GCC_WARN_UNDECLARED_SELECTOR = YES;
				GCC_WARN_UNINITIALIZED_AUTOS = YES_AGGRESSIVE;
				GCC_WARN_UNUSED_FUNCTION = YES;
				GCC_WARN_UNUSED_VARIABLE = YES;
				IPHONEOS_DEPLOYMENT_TARGET = 13.5;
				MTL_ENABLE_DEBUG_INFO = NO;
				MTL_FAST_MATH = YES;
				SDKROOT = iphoneos;
				SWIFT_COMPILATION_MODE = wholemodule;
				SWIFT_OPTIMIZATION_LEVEL = "-O";
				VALIDATE_PRODUCT = YES;
			};
			name = Release;
		};
		064D33DA248F5ED6008D3BBE /* Debug */ = {
			isa = XCBuildConfiguration;
			baseConfigurationReference = 76DA6616D1F9251EB910A672 /* Pods-Pedometer.debug.xcconfig */;
			buildSettings = {
				ASSETCATALOG_COMPILER_APPICON_NAME = AppIcon;
				CODE_SIGN_STYLE = Automatic;
				INFOPLIST_FILE = Pedometer/Info.plist;
				LD_RUNPATH_SEARCH_PATHS = (
					"$(inherited)",
					"@executable_path/Frameworks",
				);
				PRODUCT_BUNDLE_IDENTIFIER = "jp.co.al-j.Pedometer";
				PRODUCT_NAME = "$(TARGET_NAME)";
				SWIFT_VERSION = 5.0;
				TARGETED_DEVICE_FAMILY = "1,2";
			};
			name = Debug;
		};
		064D33DB248F5ED6008D3BBE /* Release */ = {
			isa = XCBuildConfiguration;
			baseConfigurationReference = 72DB5D64D723878279342F95 /* Pods-Pedometer.release.xcconfig */;
			buildSettings = {
				ASSETCATALOG_COMPILER_APPICON_NAME = AppIcon;
				CODE_SIGN_STYLE = Automatic;
				INFOPLIST_FILE = Pedometer/Info.plist;
				LD_RUNPATH_SEARCH_PATHS = (
					"$(inherited)",
					"@executable_path/Frameworks",
				);
				PRODUCT_BUNDLE_IDENTIFIER = "jp.co.al-j.Pedometer";
				PRODUCT_NAME = "$(TARGET_NAME)";
				SWIFT_VERSION = 5.0;
				TARGETED_DEVICE_FAMILY = "1,2";
			};
			name = Release;
		};
/* End XCBuildConfiguration section */

/* Begin XCConfigurationList section */
		064D33BE248F5ED3008D3BBE /* Build configuration list for PBXProject "Pedometer" */ = {
			isa = XCConfigurationList;
			buildConfigurations = (
				064D33D7248F5ED6008D3BBE /* Debug */,
				064D33D8248F5ED6008D3BBE /* Release */,
			);
			defaultConfigurationIsVisible = 0;
			defaultConfigurationName = Release;
		};
		064D33D9248F5ED6008D3BBE /* Build configuration list for PBXNativeTarget "Pedometer" */ = {
			isa = XCConfigurationList;
			buildConfigurations = (
				064D33DA248F5ED6008D3BBE /* Debug */,
				064D33DB248F5ED6008D3BBE /* Release */,
			);
			defaultConfigurationIsVisible = 0;
			defaultConfigurationName = Release;
		};
/* End XCConfigurationList section */
	};
	rootObject = 064D33BB248F5ED3008D3BBE /* Project object */;
}
